
Microsoft Visual Studio Solution File, Format Version 12.00
# Visual Studio Version 16
VisualStudioVersion = 16.0.31911.196
MinimumVisualStudioVersion = 10.0.40219.1
Project("{FAE04EC0-301F-11D3-BF4B-00C04F79EFBC}") = "Exercice5", "Exercice5\Exercice5.csproj", "{6418747E-B177-4853-B041-55E427035294}"
EndProject
Global
	GlobalSection(SolutionConfigurationPlatforms) = preSolution
		Debug|Any CPU = Debug|Any CPU
		Release|Any CPU = Release|Any CPU
	EndGlobalSection
	GlobalSection(ProjectConfigurationPlatforms) = postSolution
		{6418747E-B177-4853-B041-55E427035294}.Debug|Any CPU.ActiveCfg = Debug|Any CPU
		{6418747E-B177-4853-B041-55E427035294}.Debug|Any CPU.Build.0 = Debug|Any CPU
		{6418747E-B177-4853-B041-55E427035294}.Release|Any CPU.ActiveCfg = Release|Any CPU
		{6418747E-B177-4853-B041-55E427035294}.Release|Any CPU.Build.0 = Release|Any CPU
	EndGlobalSection
	GlobalSection(SolutionProperties) = preSolution
		HideSolutionNode = FALSE
	EndGlobalSection
	GlobalSection(ExtensibilityGlobals) = postSolution
		SolutionGuid = {FE9F689C-FA95-4F12-9866-8D1E152119D0}
	EndGlobalSection
EndGlobal
