
Microsoft Visual Studio Solution File, Format Version 12.00
# Visual Studio Version 16
VisualStudioVersion = 16.0.31911.196
MinimumVisualStudioVersion = 10.0.40219.1
Project("{FAE04EC0-301F-11D3-BF4B-00C04F79EFBC}") = "Exercice1", "Exercice1\Exercice1.csproj", "{17A002C8-AAF1-4823-95A3-0B334DC6D06B}"
EndProject
Global
	GlobalSection(SolutionConfigurationPlatforms) = preSolution
		Debug|Any CPU = Debug|Any CPU
		Release|Any CPU = Release|Any CPU
	EndGlobalSection
	GlobalSection(ProjectConfigurationPlatforms) = postSolution
		{17A002C8-AAF1-4823-95A3-0B334DC6D06B}.Debug|Any CPU.ActiveCfg = Debug|Any CPU
		{17A002C8-AAF1-4823-95A3-0B334DC6D06B}.Debug|Any CPU.Build.0 = Debug|Any CPU
		{17A002C8-AAF1-4823-95A3-0B334DC6D06B}.Release|Any CPU.ActiveCfg = Release|Any CPU
		{17A002C8-AAF1-4823-95A3-0B334DC6D06B}.Release|Any CPU.Build.0 = Release|Any CPU
	EndGlobalSection
	GlobalSection(SolutionProperties) = preSolution
		HideSolutionNode = FALSE
	EndGlobalSection
	GlobalSection(ExtensibilityGlobals) = postSolution
		SolutionGuid = {00CB9FCA-E2A1-4F46-954F-8A4171FCF462}
	EndGlobalSection
EndGlobal
